
Microsoft Visual Studio Solution File, Format Version 12.00
# Visual Studio 15
VisualStudioVersion = 15.0.28307.168
MinimumVisualStudioVersion = 10.0.40219.1
Project("{FAE04EC0-301F-11D3-BF4B-00C04F79EFBC}") = "FileDuplicationUtility", "FileDuplicationUtility\FileDuplicationUtility.csproj", "{9FDE5A8E-A006-4F14-97F7-851112CC570D}"
EndProject
Project("{FAE04EC0-301F-11D3-BF4B-00C04F79EFBC}") = "FileDuplication", "FileDuplication\FileDuplication.csproj", "{6C80AB2C-9FC0-40F0-8E55-C216397A315B}"
EndProject
Global
	GlobalSection(SolutionConfigurationPlatforms) = preSolution
		Debug|Any CPU = Debug|Any CPU
		Release|Any CPU = Release|Any CPU
	EndGlobalSection
	GlobalSection(ProjectConfigurationPlatforms) = postSolution
		{9FDE5A8E-A006-4F14-97F7-851112CC570D}.Debug|Any CPU.ActiveCfg = Debug|Any CPU
		{9FDE5A8E-A006-4F14-97F7-851112CC570D}.Debug|Any CPU.Build.0 = Debug|Any CPU
		{9FDE5A8E-A006-4F14-97F7-851112CC570D}.Release|Any CPU.ActiveCfg = Release|Any CPU
		{9FDE5A8E-A006-4F14-97F7-851112CC570D}.Release|Any CPU.Build.0 = Release|Any CPU
		{6C80AB2C-9FC0-40F0-8E55-C216397A315B}.Debug|Any CPU.ActiveCfg = Debug|Any CPU
		{6C80AB2C-9FC0-40F0-8E55-C216397A315B}.Debug|Any CPU.Build.0 = Debug|Any CPU
		{6C80AB2C-9FC0-40F0-8E55-C216397A315B}.Release|Any CPU.ActiveCfg = Release|Any CPU
		{6C80AB2C-9FC0-40F0-8E55-C216397A315B}.Release|Any CPU.Build.0 = Release|Any CPU
	EndGlobalSection
	GlobalSection(SolutionProperties) = preSolution
		HideSolutionNode = FALSE
	EndGlobalSection
	GlobalSection(ExtensibilityGlobals) = postSolution
		SolutionGuid = {C6846908-98BD-44FB-B993-810C5715E4E8}
	EndGlobalSection
EndGlobal
